// !$*UTF8*$!
{
	archiveVersion = 1;
	classes = {
	};
	objectVersion = 46;
	objects = {

/* Begin PBXBuildFile section */
		1E37D78A8570709160B822B5 /* Pods_Daytabase.framework in Frameworks */ = {isa = PBXBuildFile; fileRef = 4D85E5D7A07F96C2BF448EA3 /* Pods_Daytabase.framework */; };
		2C7A591EF0E05B02AF350FE1 /* Pods_Daytabase_iOS.framework in Frameworks */ = {isa = PBXBuildFile; fileRef = 0600690A3D4FB339A51FBFF6 /* Pods_Daytabase_iOS.framework */; };
		5E4442DFF0BA1E874E6579EB /* Pods_DaytabaseTests.framework in Frameworks */ = {isa = PBXBuildFile; fileRef = 9FE7B93E6E8659FF2614BA0F /* Pods_DaytabaseTests.framework */; };
		7206F79C1E6694E100131CB0 /* Daytabase.framework in Frameworks */ = {isa = PBXBuildFile; fileRef = 7206F7921E6694E100131CB0 /* Daytabase.framework */; };
		7206F7A31E6694E100131CB0 /* Daytabase.h in Headers */ = {isa = PBXBuildFile; fileRef = 7206F7951E6694E100131CB0 /* Daytabase.h */; settings = {ATTRIBUTES = (Public, ); }; };
		7206F7AE1E6694ED00131CB0 /* libsqlite3.tbd in Frameworks */ = {isa = PBXBuildFile; fileRef = 7206F7AD1E6694ED00131CB0 /* libsqlite3.tbd */; };
		7206F7B11E6695BB00131CB0 /* SQLite-Bridging.h in Headers */ = {isa = PBXBuildFile; fileRef = 7206F7B01E66951D00131CB0 /* SQLite-Bridging.h */; settings = {ATTRIBUTES = (Public, ); }; };
		7206F7B71E66988B00131CB0 /* DaytabaseTests.swift in Sources */ = {isa = PBXBuildFile; fileRef = 7206F7A01E6694E100131CB0 /* DaytabaseTests.swift */; };
		7206F7B91E66989600131CB0 /* Database.swift in Sources */ = {isa = PBXBuildFile; fileRef = 7206F7B81E66989600131CB0 /* Database.swift */; };
		7206F7C61E669CDD00131CB0 /* Connection.swift in Sources */ = {isa = PBXBuildFile; fileRef = 7206F7C51E669CDD00131CB0 /* Connection.swift */; };
		7270992F1E66EFBC00BE40E3 /* AppDelegate.swift in Sources */ = {isa = PBXBuildFile; fileRef = 7270992E1E66EFBC00BE40E3 /* AppDelegate.swift */; };
		727099311E66EFBC00BE40E3 /* Assets.xcassets in Resources */ = {isa = PBXBuildFile; fileRef = 727099301E66EFBC00BE40E3 /* Assets.xcassets */; };
		727099341E66EFBC00BE40E3 /* LaunchScreen.storyboard in Resources */ = {isa = PBXBuildFile; fileRef = 727099321E66EFBC00BE40E3 /* LaunchScreen.storyboard */; };
		7270993A1E66EFD000BE40E3 /* ViewController.swift in Sources */ = {isa = PBXBuildFile; fileRef = 727099391E66EFD000BE40E3 /* ViewController.swift */; };
		7270993B1E66F03B00BE40E3 /* Daytabase.framework in Frameworks */ = {isa = PBXBuildFile; fileRef = 7206F7921E6694E100131CB0 /* Daytabase.framework */; };
		7270993C1E66F03B00BE40E3 /* Daytabase.framework in Embed Frameworks */ = {isa = PBXBuildFile; fileRef = 7206F7921E6694E100131CB0 /* Daytabase.framework */; settings = {ATTRIBUTES = (CodeSignOnCopy, RemoveHeadersOnCopy, ); }; };
		727099411E66F90D00BE40E3 /* Transaction.swift in Sources */ = {isa = PBXBuildFile; fileRef = 727099401E66F90D00BE40E3 /* Transaction.swift */; };
		727099451E68392E00BE40E3 /* CollectionKey.swift in Sources */ = {isa = PBXBuildFile; fileRef = 727099441E68392E00BE40E3 /* CollectionKey.swift */; };
		7270994D1E68401100BE40E3 /* Murmurhash.h in Headers */ = {isa = PBXBuildFile; fileRef = 727099481E683F4700BE40E3 /* Murmurhash.h */; settings = {ATTRIBUTES = (Public, ); }; };
		7270994E1E68406400BE40E3 /* Utility.swift in Sources */ = {isa = PBXBuildFile; fileRef = 7270994B1E683FDB00BE40E3 /* Utility.swift */; };
		727099521E684E3500BE40E3 /* Cache.swift in Sources */ = {isa = PBXBuildFile; fileRef = 727099511E684E3500BE40E3 /* Cache.swift */; };
		727099541E685F1300BE40E3 /* XCGLogger.framework in Frameworks */ = {isa = PBXBuildFile; fileRef = 727099531E685F1300BE40E3 /* XCGLogger.framework */; };
		727099561E698A8800BE40E3 /* Daytabase.swift in Sources */ = {isa = PBXBuildFile; fileRef = 727099551E698A8800BE40E3 /* Daytabase.swift */; };
		727099581E69977300BE40E3 /* SQL.swift in Sources */ = {isa = PBXBuildFile; fileRef = 727099571E69977300BE40E3 /* SQL.swift */; };
		7270995A1E699A9400BE40E3 /* Constant.swift in Sources */ = {isa = PBXBuildFile; fileRef = 727099591E699A9400BE40E3 /* Constant.swift */; };
		7270995E1E699D9500BE40E3 /* sqlite3.h in Headers */ = {isa = PBXBuildFile; fileRef = 7270995D1E699D9500BE40E3 /* sqlite3.h */; settings = {ATTRIBUTES = (Public, ); }; };
		727099601E69B04700BE40E3 /* ConnectionState.swift in Sources */ = {isa = PBXBuildFile; fileRef = 7270995F1E69B04700BE40E3 /* ConnectionState.swift */; };
		727099661E6AA43300BE40E3 /* ConnectionDefaults.swift in Sources */ = {isa = PBXBuildFile; fileRef = 727099651E6AA43300BE40E3 /* ConnectionDefaults.swift */; };
/* End PBXBuildFile section */

/* Begin PBXContainerItemProxy section */
		7206F79D1E6694E100131CB0 /* PBXContainerItemProxy */ = {
			isa = PBXContainerItemProxy;
			containerPortal = 7206F7891E6694E100131CB0 /* Project object */;
			proxyType = 1;
			remoteGlobalIDString = 7206F7911E6694E100131CB0;
			remoteInfo = Daytabase;
		};
		7270993D1E66F03B00BE40E3 /* PBXContainerItemProxy */ = {
			isa = PBXContainerItemProxy;
			containerPortal = 7206F7891E6694E100131CB0 /* Project object */;
			proxyType = 1;
			remoteGlobalIDString = 7206F7911E6694E100131CB0;
			remoteInfo = Daytabase;
		};
/* End PBXContainerItemProxy section */

/* Begin PBXCopyFilesBuildPhase section */
		7270993F1E66F03B00BE40E3 /* Embed Frameworks */ = {
			isa = PBXCopyFilesBuildPhase;
			buildActionMask = 2147483647;
			dstPath = "";
			dstSubfolderSpec = 10;
			files = (
				7270993C1E66F03B00BE40E3 /* Daytabase.framework in Embed Frameworks */,
			);
			name = "Embed Frameworks";
			runOnlyForDeploymentPostprocessing = 0;
		};
/* End PBXCopyFilesBuildPhase section */

/* Begin PBXFileReference section */
		0600690A3D4FB339A51FBFF6 /* Pods_Daytabase_iOS.framework */ = {isa = PBXFileReference; explicitFileType = wrapper.framework; includeInIndex = 0; path = Pods_Daytabase_iOS.framework; sourceTree = BUILT_PRODUCTS_DIR; };
		280883DE8F83C4CF0B55B9EE /* Pods-DaytabaseTests.release.xcconfig */ = {isa = PBXFileReference; includeInIndex = 1; lastKnownFileType = text.xcconfig; name = "Pods-DaytabaseTests.release.xcconfig"; path = "Pods/Target Support Files/Pods-DaytabaseTests/Pods-DaytabaseTests.release.xcconfig"; sourceTree = "<group>"; };
		38B676DCFDFB298FC55892B0 /* Pods-DaytabaseTests.debug.xcconfig */ = {isa = PBXFileReference; includeInIndex = 1; lastKnownFileType = text.xcconfig; name = "Pods-DaytabaseTests.debug.xcconfig"; path = "Pods/Target Support Files/Pods-DaytabaseTests/Pods-DaytabaseTests.debug.xcconfig"; sourceTree = "<group>"; };
		397C6AA6F806205CD703E15A /* Pods-Daytabase.debug.xcconfig */ = {isa = PBXFileReference; includeInIndex = 1; lastKnownFileType = text.xcconfig; name = "Pods-Daytabase.debug.xcconfig"; path = "Pods/Target Support Files/Pods-Daytabase/Pods-Daytabase.debug.xcconfig"; sourceTree = "<group>"; };
		4D85E5D7A07F96C2BF448EA3 /* Pods_Daytabase.framework */ = {isa = PBXFileReference; explicitFileType = wrapper.framework; includeInIndex = 0; path = Pods_Daytabase.framework; sourceTree = BUILT_PRODUCTS_DIR; };
		608DC9AB248247EB9833C6B6 /* Pods-Daytabase.release.xcconfig */ = {isa = PBXFileReference; includeInIndex = 1; lastKnownFileType = text.xcconfig; name = "Pods-Daytabase.release.xcconfig"; path = "Pods/Target Support Files/Pods-Daytabase/Pods-Daytabase.release.xcconfig"; sourceTree = "<group>"; };
		689B084FCEE788755D665ACE /* Pods-Daytabase-iOS.debug.xcconfig */ = {isa = PBXFileReference; includeInIndex = 1; lastKnownFileType = text.xcconfig; name = "Pods-Daytabase-iOS.debug.xcconfig"; path = "Pods/Target Support Files/Pods-Daytabase-iOS/Pods-Daytabase-iOS.debug.xcconfig"; sourceTree = "<group>"; };
		7206F7921E6694E100131CB0 /* Daytabase.framework */ = {isa = PBXFileReference; explicitFileType = wrapper.framework; includeInIndex = 0; path = Daytabase.framework; sourceTree = BUILT_PRODUCTS_DIR; };
		7206F7951E6694E100131CB0 /* Daytabase.h */ = {isa = PBXFileReference; lastKnownFileType = sourcecode.c.h; path = Daytabase.h; sourceTree = "<group>"; };
		7206F7961E6694E100131CB0 /* Info.plist */ = {isa = PBXFileReference; lastKnownFileType = text.plist.xml; path = Info.plist; sourceTree = "<group>"; };
		7206F79B1E6694E100131CB0 /* DaytabaseTests.xctest */ = {isa = PBXFileReference; explicitFileType = wrapper.cfbundle; includeInIndex = 0; path = DaytabaseTests.xctest; sourceTree = BUILT_PRODUCTS_DIR; };
		7206F7A01E6694E100131CB0 /* DaytabaseTests.swift */ = {isa = PBXFileReference; lastKnownFileType = sourcecode.swift; path = DaytabaseTests.swift; sourceTree = "<group>"; };
		7206F7A21E6694E100131CB0 /* Info.plist */ = {isa = PBXFileReference; lastKnownFileType = text.plist.xml; path = Info.plist; sourceTree = "<group>"; };
		7206F7AD1E6694ED00131CB0 /* libsqlite3.tbd */ = {isa = PBXFileReference; lastKnownFileType = "sourcecode.text-based-dylib-definition"; name = libsqlite3.tbd; path = usr/lib/libsqlite3.tbd; sourceTree = SDKROOT; };
		7206F7B01E66951D00131CB0 /* SQLite-Bridging.h */ = {isa = PBXFileReference; lastKnownFileType = sourcecode.c.h; path = "SQLite-Bridging.h"; sourceTree = "<group>"; };
		7206F7B81E66989600131CB0 /* Database.swift */ = {isa = PBXFileReference; fileEncoding = 4; lastKnownFileType = sourcecode.swift; path = Database.swift; sourceTree = "<group>"; };
		7206F7C31E669C9500131CB0 /* module.map */ = {isa = PBXFileReference; fileEncoding = 4; lastKnownFileType = "sourcecode.module-map"; name = module.map; path = Modules/iphoneos/module.map; sourceTree = "<group>"; };
		7206F7C41E669CA600131CB0 /* module.map */ = {isa = PBXFileReference; fileEncoding = 4; lastKnownFileType = "sourcecode.module-map"; name = module.map; path = Modules/iphonesimulator/module.map; sourceTree = "<group>"; };
		7206F7C51E669CDD00131CB0 /* Connection.swift */ = {isa = PBXFileReference; fileEncoding = 4; lastKnownFileType = sourcecode.swift; path = Connection.swift; sourceTree = "<group>"; };
		7270992C1E66EFBC00BE40E3 /* Daytabase-iOS.app */ = {isa = PBXFileReference; explicitFileType = wrapper.application; includeInIndex = 0; path = "Daytabase-iOS.app"; sourceTree = BUILT_PRODUCTS_DIR; };
		7270992E1E66EFBC00BE40E3 /* AppDelegate.swift */ = {isa = PBXFileReference; lastKnownFileType = sourcecode.swift; path = AppDelegate.swift; sourceTree = "<group>"; };
		727099301E66EFBC00BE40E3 /* Assets.xcassets */ = {isa = PBXFileReference; lastKnownFileType = folder.assetcatalog; path = Assets.xcassets; sourceTree = "<group>"; };
		727099331E66EFBC00BE40E3 /* Base */ = {isa = PBXFileReference; lastKnownFileType = file.storyboard; name = Base; path = Base.lproj/LaunchScreen.storyboard; sourceTree = "<group>"; };
		727099351E66EFBC00BE40E3 /* Info.plist */ = {isa = PBXFileReference; lastKnownFileType = text.plist.xml; path = Info.plist; sourceTree = "<group>"; };
		727099391E66EFD000BE40E3 /* ViewController.swift */ = {isa = PBXFileReference; fileEncoding = 4; lastKnownFileType = sourcecode.swift; path = ViewController.swift; sourceTree = "<group>"; };
		727099401E66F90D00BE40E3 /* Transaction.swift */ = {isa = PBXFileReference; fileEncoding = 4; lastKnownFileType = sourcecode.swift; path = Transaction.swift; sourceTree = "<group>"; };
		727099441E68392E00BE40E3 /* CollectionKey.swift */ = {isa = PBXFileReference; fileEncoding = 4; lastKnownFileType = sourcecode.swift; path = CollectionKey.swift; sourceTree = "<group>"; };
		727099481E683F4700BE40E3 /* Murmurhash.h */ = {isa = PBXFileReference; fileEncoding = 4; lastKnownFileType = sourcecode.c.h; path = Murmurhash.h; sourceTree = "<group>"; };
		7270994B1E683FDB00BE40E3 /* Utility.swift */ = {isa = PBXFileReference; fileEncoding = 4; lastKnownFileType = sourcecode.swift; path = Utility.swift; sourceTree = "<group>"; };
		727099511E684E3500BE40E3 /* Cache.swift */ = {isa = PBXFileReference; fileEncoding = 4; lastKnownFileType = sourcecode.swift; path = Cache.swift; sourceTree = "<group>"; };
		727099531E685F1300BE40E3 /* XCGLogger.framework */ = {isa = PBXFileReference; lastKnownFileType = wrapper.framework; name = XCGLogger.framework; path = "../../Library/Developer/Xcode/DerivedData/Daytabase-gaskcvqebxtercfdiosmspbekbfj/Build/Products/Debug-iphoneos/XCGLogger/XCGLogger.framework"; sourceTree = "<group>"; };
		727099551E698A8800BE40E3 /* Daytabase.swift */ = {isa = PBXFileReference; fileEncoding = 4; lastKnownFileType = sourcecode.swift; path = Daytabase.swift; sourceTree = "<group>"; };
		727099571E69977300BE40E3 /* SQL.swift */ = {isa = PBXFileReference; fileEncoding = 4; lastKnownFileType = sourcecode.swift; path = SQL.swift; sourceTree = "<group>"; };
		727099591E699A9400BE40E3 /* Constant.swift */ = {isa = PBXFileReference; fileEncoding = 4; lastKnownFileType = sourcecode.swift; path = Constant.swift; sourceTree = "<group>"; };
		7270995D1E699D9500BE40E3 /* sqlite3.h */ = {isa = PBXFileReference; fileEncoding = 4; lastKnownFileType = sourcecode.c.h; name = sqlite3.h; path = Platforms/iPhoneOS.platform/Developer/SDKs/iPhoneOS.sdk/usr/include/sqlite3.h; sourceTree = DEVELOPER_DIR; };
		7270995F1E69B04700BE40E3 /* ConnectionState.swift */ = {isa = PBXFileReference; fileEncoding = 4; lastKnownFileType = sourcecode.swift; path = ConnectionState.swift; sourceTree = "<group>"; };
		727099651E6AA43300BE40E3 /* ConnectionDefaults.swift */ = {isa = PBXFileReference; fileEncoding = 4; lastKnownFileType = sourcecode.swift; path = ConnectionDefaults.swift; sourceTree = "<group>"; };
		897A8E9F07EA15BE817F81BB /* Pods-Daytabase-iOS.release.xcconfig */ = {isa = PBXFileReference; includeInIndex = 1; lastKnownFileType = text.xcconfig; name = "Pods-Daytabase-iOS.release.xcconfig"; path = "Pods/Target Support Files/Pods-Daytabase-iOS/Pods-Daytabase-iOS.release.xcconfig"; sourceTree = "<group>"; };
		9FE7B93E6E8659FF2614BA0F /* Pods_DaytabaseTests.framework */ = {isa = PBXFileReference; explicitFileType = wrapper.framework; includeInIndex = 0; path = Pods_DaytabaseTests.framework; sourceTree = BUILT_PRODUCTS_DIR; };
/* End PBXFileReference section */

/* Begin PBXFrameworksBuildPhase section */
		7206F78E1E6694E100131CB0 /* Frameworks */ = {
			isa = PBXFrameworksBuildPhase;
			buildActionMask = 2147483647;
			files = (
				727099541E685F1300BE40E3 /* XCGLogger.framework in Frameworks */,
				7206F7AE1E6694ED00131CB0 /* libsqlite3.tbd in Frameworks */,
				1E37D78A8570709160B822B5 /* Pods_Daytabase.framework in Frameworks */,
			);
			runOnlyForDeploymentPostprocessing = 0;
		};
		7206F7981E6694E100131CB0 /* Frameworks */ = {
			isa = PBXFrameworksBuildPhase;
			buildActionMask = 2147483647;
			files = (
				7206F79C1E6694E100131CB0 /* Daytabase.framework in Frameworks */,
				5E4442DFF0BA1E874E6579EB /* Pods_DaytabaseTests.framework in Frameworks */,
			);
			runOnlyForDeploymentPostprocessing = 0;
		};
		727099291E66EFBC00BE40E3 /* Frameworks */ = {
			isa = PBXFrameworksBuildPhase;
			buildActionMask = 2147483647;
			files = (
				7270993B1E66F03B00BE40E3 /* Daytabase.framework in Frameworks */,
				2C7A591EF0E05B02AF350FE1 /* Pods_Daytabase_iOS.framework in Frameworks */,
			);
			runOnlyForDeploymentPostprocessing = 0;
		};
/* End PBXFrameworksBuildPhase section */

/* Begin PBXGroup section */
		7206F7881E6694E100131CB0 = {
			isa = PBXGroup;
			children = (
				7206F7B21E66964200131CB0 /* Modules */,
				7206F7941E6694E100131CB0 /* Daytabase */,
				7206F79F1E6694E100131CB0 /* DaytabaseTests */,
				7270992D1E66EFBC00BE40E3 /* Daytabase-iOS */,
				7206F7931E6694E100131CB0 /* Products */,
				7206F7AC1E6694ED00131CB0 /* Frameworks */,
				B41240486F6F253308412A0C /* Pods */,
			);
			sourceTree = "<group>";
		};
		7206F7931E6694E100131CB0 /* Products */ = {
			isa = PBXGroup;
			children = (
				7206F7921E6694E100131CB0 /* Daytabase.framework */,
				7206F79B1E6694E100131CB0 /* DaytabaseTests.xctest */,
				7270992C1E66EFBC00BE40E3 /* Daytabase-iOS.app */,
			);
			name = Products;
			sourceTree = "<group>";
		};
		7206F7941E6694E100131CB0 /* Daytabase */ = {
			isa = PBXGroup;
			children = (
				7270995D1E699D9500BE40E3 /* sqlite3.h */,
				7206F7951E6694E100131CB0 /* Daytabase.h */,
				727099551E698A8800BE40E3 /* Daytabase.swift */,
				7206F7B81E66989600131CB0 /* Database.swift */,
				7206F7C51E669CDD00131CB0 /* Connection.swift */,
				727099651E6AA43300BE40E3 /* ConnectionDefaults.swift */,
				727099401E66F90D00BE40E3 /* Transaction.swift */,
				7206F7AF1E6694FE00131CB0 /* Core */,
				727099611E69B04F00BE40E3 /* Internal */,
				7270994A1E683F9700BE40E3 /* Utilities */,
				7206F7961E6694E100131CB0 /* Info.plist */,
			);
			path = Daytabase;
			sourceTree = "<group>";
		};
		7206F79F1E6694E100131CB0 /* DaytabaseTests */ = {
			isa = PBXGroup;
			children = (
				7206F7A01E6694E100131CB0 /* DaytabaseTests.swift */,
				7206F7A21E6694E100131CB0 /* Info.plist */,
			);
			path = DaytabaseTests;
			sourceTree = SOURCE_ROOT;
		};
		7206F7AC1E6694ED00131CB0 /* Frameworks */ = {
			isa = PBXGroup;
			children = (
				727099531E685F1300BE40E3 /* XCGLogger.framework */,
				7206F7AD1E6694ED00131CB0 /* libsqlite3.tbd */,
				4D85E5D7A07F96C2BF448EA3 /* Pods_Daytabase.framework */,
				0600690A3D4FB339A51FBFF6 /* Pods_Daytabase_iOS.framework */,
				9FE7B93E6E8659FF2614BA0F /* Pods_DaytabaseTests.framework */,
			);
			name = Frameworks;
			sourceTree = "<group>";
		};
		7206F7AF1E6694FE00131CB0 /* Core */ = {
			isa = PBXGroup;
			children = (
				7206F7B01E66951D00131CB0 /* SQLite-Bridging.h */,
			);
			name = Core;
			sourceTree = "<group>";
		};
		7206F7B21E66964200131CB0 /* Modules */ = {
			isa = PBXGroup;
			children = (
				7206F7BC1E66990700131CB0 /* iphonesimulator */,
				7206F7B41E6696EF00131CB0 /* iphoneos */,
			);
			name = Modules;
			sourceTree = "<group>";
		};
		7206F7B41E6696EF00131CB0 /* iphoneos */ = {
			isa = PBXGroup;
			children = (
				7206F7C31E669C9500131CB0 /* module.map */,
			);
			name = iphoneos;
			sourceTree = "<group>";
		};
		7206F7BC1E66990700131CB0 /* iphonesimulator */ = {
			isa = PBXGroup;
			children = (
				7206F7C41E669CA600131CB0 /* module.map */,
			);
			name = iphonesimulator;
			sourceTree = "<group>";
		};
		7270992D1E66EFBC00BE40E3 /* Daytabase-iOS */ = {
			isa = PBXGroup;
			children = (
				7270992E1E66EFBC00BE40E3 /* AppDelegate.swift */,
				727099391E66EFD000BE40E3 /* ViewController.swift */,
				727099301E66EFBC00BE40E3 /* Assets.xcassets */,
				727099321E66EFBC00BE40E3 /* LaunchScreen.storyboard */,
				727099351E66EFBC00BE40E3 /* Info.plist */,
			);
			path = "Daytabase-iOS";
			sourceTree = "<group>";
		};
		7270994A1E683F9700BE40E3 /* Utilities */ = {
			isa = PBXGroup;
			children = (
				727099481E683F4700BE40E3 /* Murmurhash.h */,
				727099441E68392E00BE40E3 /* CollectionKey.swift */,
				7270994B1E683FDB00BE40E3 /* Utility.swift */,
				727099571E69977300BE40E3 /* SQL.swift */,
				727099591E699A9400BE40E3 /* Constant.swift */,
				727099511E684E3500BE40E3 /* Cache.swift */,
			);
			name = Utilities;
			sourceTree = "<group>";
		};
		727099611E69B04F00BE40E3 /* Internal */ = {
			isa = PBXGroup;
			children = (
				7270995F1E69B04700BE40E3 /* ConnectionState.swift */,
			);
			name = Internal;
			sourceTree = "<group>";
		};
		B41240486F6F253308412A0C /* Pods */ = {
			isa = PBXGroup;
			children = (
				397C6AA6F806205CD703E15A /* Pods-Daytabase.debug.xcconfig */,
				608DC9AB248247EB9833C6B6 /* Pods-Daytabase.release.xcconfig */,
				689B084FCEE788755D665ACE /* Pods-Daytabase-iOS.debug.xcconfig */,
				897A8E9F07EA15BE817F81BB /* Pods-Daytabase-iOS.release.xcconfig */,
				38B676DCFDFB298FC55892B0 /* Pods-DaytabaseTests.debug.xcconfig */,
				280883DE8F83C4CF0B55B9EE /* Pods-DaytabaseTests.release.xcconfig */,
			);
			name = Pods;
			sourceTree = "<group>";
		};
/* End PBXGroup section */

/* Begin PBXHeadersBuildPhase section */
		7206F78F1E6694E100131CB0 /* Headers */ = {
			isa = PBXHeadersBuildPhase;
			buildActionMask = 2147483647;
			files = (
				7270995E1E699D9500BE40E3 /* sqlite3.h in Headers */,
				7206F7B11E6695BB00131CB0 /* SQLite-Bridging.h in Headers */,
				7270994D1E68401100BE40E3 /* Murmurhash.h in Headers */,
				7206F7A31E6694E100131CB0 /* Daytabase.h in Headers */,
			);
			runOnlyForDeploymentPostprocessing = 0;
		};
/* End PBXHeadersBuildPhase section */

/* Begin PBXNativeTarget section */
		7206F7911E6694E100131CB0 /* Daytabase */ = {
			isa = PBXNativeTarget;
			buildConfigurationList = 7206F7A61E6694E100131CB0 /* Build configuration list for PBXNativeTarget "Daytabase" */;
			buildPhases = (
				B3C926B1259D4957D9A44D57 /* [CP] Check Pods Manifest.lock */,
				7206F78D1E6694E100131CB0 /* Sources */,
				7206F78E1E6694E100131CB0 /* Frameworks */,
				7206F78F1E6694E100131CB0 /* Headers */,
				7206F7901E6694E100131CB0 /* Resources */,
				7E23E9ECEF1AB37D97CF96D4 /* [CP] Copy Pods Resources */,
			);
			buildRules = (
			);
			dependencies = (
			);
			name = Daytabase;
			productName = Daytabase;
			productReference = 7206F7921E6694E100131CB0 /* Daytabase.framework */;
			productType = "com.apple.product-type.framework";
		};
		7206F79A1E6694E100131CB0 /* DaytabaseTests */ = {
			isa = PBXNativeTarget;
			buildConfigurationList = 7206F7A91E6694E100131CB0 /* Build configuration list for PBXNativeTarget "DaytabaseTests" */;
			buildPhases = (
				03FD4A22D231A5B3C8BF6698 /* [CP] Check Pods Manifest.lock */,
				7206F7971E6694E100131CB0 /* Sources */,
				7206F7981E6694E100131CB0 /* Frameworks */,
				7206F7991E6694E100131CB0 /* Resources */,
				B3C1B164DCE01819806C02A0 /* [CP] Embed Pods Frameworks */,
				90BA41E23D728D4431626B51 /* [CP] Copy Pods Resources */,
			);
			buildRules = (
			);
			dependencies = (
				7206F79E1E6694E100131CB0 /* PBXTargetDependency */,
			);
			name = DaytabaseTests;
			productName = DaytabaseTests;
			productReference = 7206F79B1E6694E100131CB0 /* DaytabaseTests.xctest */;
			productType = "com.apple.product-type.bundle.unit-test";
		};
		7270992B1E66EFBC00BE40E3 /* Daytabase-iOS */ = {
			isa = PBXNativeTarget;
			buildConfigurationList = 727099381E66EFBC00BE40E3 /* Build configuration list for PBXNativeTarget "Daytabase-iOS" */;
			buildPhases = (
				9799A5565460D8BC665CA716 /* [CP] Check Pods Manifest.lock */,
				727099281E66EFBC00BE40E3 /* Sources */,
				727099291E66EFBC00BE40E3 /* Frameworks */,
				7270992A1E66EFBC00BE40E3 /* Resources */,
				7270993F1E66F03B00BE40E3 /* Embed Frameworks */,
				649F71A1077D5D3B72CAB62C /* [CP] Embed Pods Frameworks */,
				8F2BB4BF7E3C759F16886E60 /* [CP] Copy Pods Resources */,
			);
			buildRules = (
			);
			dependencies = (
				7270993E1E66F03B00BE40E3 /* PBXTargetDependency */,
			);
			name = "Daytabase-iOS";
			productName = "Daytabase-iOS";
			productReference = 7270992C1E66EFBC00BE40E3 /* Daytabase-iOS.app */;
			productType = "com.apple.product-type.application";
		};
/* End PBXNativeTarget section */

/* Begin PBXProject section */
		7206F7891E6694E100131CB0 /* Project object */ = {
			isa = PBXProject;
			attributes = {
				LastSwiftUpdateCheck = 0820;
				LastUpgradeCheck = 0820;
				ORGANIZATIONNAME = Draveness;
				TargetAttributes = {
					7206F7911E6694E100131CB0 = {
						CreatedOnToolsVersion = 8.2.1;
						LastSwiftMigration = 0820;
						ProvisioningStyle = Automatic;
					};
					7206F79A1E6694E100131CB0 = {
						CreatedOnToolsVersion = 8.2.1;
						ProvisioningStyle = Automatic;
					};
					7270992B1E66EFBC00BE40E3 = {
						CreatedOnToolsVersion = 8.2.1;
						ProvisioningStyle = Automatic;
					};
				};
			};
			buildConfigurationList = 7206F78C1E6694E100131CB0 /* Build configuration list for PBXProject "Daytabase" */;
			compatibilityVersion = "Xcode 3.2";
			developmentRegion = English;
			hasScannedForEncodings = 0;
			knownRegions = (
				en,
				Base,
			);
			mainGroup = 7206F7881E6694E100131CB0;
			productRefGroup = 7206F7931E6694E100131CB0 /* Products */;
			projectDirPath = "";
			projectRoot = "";
			targets = (
				7206F7911E6694E100131CB0 /* Daytabase */,
				7206F79A1E6694E100131CB0 /* DaytabaseTests */,
				7270992B1E66EFBC00BE40E3 /* Daytabase-iOS */,
			);
		};
/* End PBXProject section */

/* Begin PBXResourcesBuildPhase section */
		7206F7901E6694E100131CB0 /* Resources */ = {
			isa = PBXResourcesBuildPhase;
			buildActionMask = 2147483647;
			files = (
			);
			runOnlyForDeploymentPostprocessing = 0;
		};
		7206F7991E6694E100131CB0 /* Resources */ = {
			isa = PBXResourcesBuildPhase;
			buildActionMask = 2147483647;
			files = (
			);
			runOnlyForDeploymentPostprocessing = 0;
		};
		7270992A1E66EFBC00BE40E3 /* Resources */ = {
			isa = PBXResourcesBuildPhase;
			buildActionMask = 2147483647;
			files = (
				727099311E66EFBC00BE40E3 /* Assets.xcassets in Resources */,
				727099341E66EFBC00BE40E3 /* LaunchScreen.storyboard in Resources */,
			);
			runOnlyForDeploymentPostprocessing = 0;
		};
/* End PBXResourcesBuildPhase section */

/* Begin PBXShellScriptBuildPhase section */
		03FD4A22D231A5B3C8BF6698 /* [CP] Check Pods Manifest.lock */ = {
			isa = PBXShellScriptBuildPhase;
			buildActionMask = 2147483647;
			files = (
			);
			inputPaths = (
			);
			name = "[CP] Check Pods Manifest.lock";
			outputPaths = (
			);
			runOnlyForDeploymentPostprocessing = 0;
			shellPath = /bin/sh;
			shellScript = "diff \"${PODS_ROOT}/../Podfile.lock\" \"${PODS_ROOT}/Manifest.lock\" > /dev/null\nif [ $? != 0 ] ; then\n    # print error to STDERR\n    echo \"error: The sandbox is not in sync with the Podfile.lock. Run 'pod install' or update your CocoaPods installation.\" >&2\n    exit 1\nfi\n";
			showEnvVarsInLog = 0;
		};
		649F71A1077D5D3B72CAB62C /* [CP] Embed Pods Frameworks */ = {
			isa = PBXShellScriptBuildPhase;
			buildActionMask = 2147483647;
			files = (
			);
			inputPaths = (
			);
			name = "[CP] Embed Pods Frameworks";
			outputPaths = (
			);
			runOnlyForDeploymentPostprocessing = 0;
			shellPath = /bin/sh;
			shellScript = "\"${SRCROOT}/Pods/Target Support Files/Pods-Daytabase-iOS/Pods-Daytabase-iOS-frameworks.sh\"\n";
			showEnvVarsInLog = 0;
		};
		7E23E9ECEF1AB37D97CF96D4 /* [CP] Copy Pods Resources */ = {
			isa = PBXShellScriptBuildPhase;
			buildActionMask = 2147483647;
			files = (
			);
			inputPaths = (
			);
			name = "[CP] Copy Pods Resources";
			outputPaths = (
			);
			runOnlyForDeploymentPostprocessing = 0;
			shellPath = /bin/sh;
			shellScript = "\"${SRCROOT}/Pods/Target Support Files/Pods-Daytabase/Pods-Daytabase-resources.sh\"\n";
			showEnvVarsInLog = 0;
		};
		8F2BB4BF7E3C759F16886E60 /* [CP] Copy Pods Resources */ = {
			isa = PBXShellScriptBuildPhase;
			buildActionMask = 2147483647;
			files = (
			);
			inputPaths = (
			);
			name = "[CP] Copy Pods Resources";
			outputPaths = (
			);
			runOnlyForDeploymentPostprocessing = 0;
			shellPath = /bin/sh;
			shellScript = "\"${SRCROOT}/Pods/Target Support Files/Pods-Daytabase-iOS/Pods-Daytabase-iOS-resources.sh\"\n";
			showEnvVarsInLog = 0;
		};
		90BA41E23D728D4431626B51 /* [CP] Copy Pods Resources */ = {
			isa = PBXShellScriptBuildPhase;
			buildActionMask = 2147483647;
			files = (
			);
			inputPaths = (
			);
			name = "[CP] Copy Pods Resources";
			outputPaths = (
			);
			runOnlyForDeploymentPostprocessing = 0;
			shellPath = /bin/sh;
			shellScript = "\"${SRCROOT}/Pods/Target Support Files/Pods-DaytabaseTests/Pods-DaytabaseTests-resources.sh\"\n";
			showEnvVarsInLog = 0;
		};
		9799A5565460D8BC665CA716 /* [CP] Check Pods Manifest.lock */ = {
			isa = PBXShellScriptBuildPhase;
			buildActionMask = 2147483647;
			files = (
			);
			inputPaths = (
			);
			name = "[CP] Check Pods Manifest.lock";
			outputPaths = (
			);
			runOnlyForDeploymentPostprocessing = 0;
			shellPath = /bin/sh;
			shellScript = "diff \"${PODS_ROOT}/../Podfile.lock\" \"${PODS_ROOT}/Manifest.lock\" > /dev/null\nif [ $? != 0 ] ; then\n    # print error to STDERR\n    echo \"error: The sandbox is not in sync with the Podfile.lock. Run 'pod install' or update your CocoaPods installation.\" >&2\n    exit 1\nfi\n";
			showEnvVarsInLog = 0;
		};
		B3C1B164DCE01819806C02A0 /* [CP] Embed Pods Frameworks */ = {
			isa = PBXShellScriptBuildPhase;
			buildActionMask = 2147483647;
			files = (
			);
			inputPaths = (
			);
			name = "[CP] Embed Pods Frameworks";
			outputPaths = (
			);
			runOnlyForDeploymentPostprocessing = 0;
			shellPath = /bin/sh;
			shellScript = "\"${SRCROOT}/Pods/Target Support Files/Pods-DaytabaseTests/Pods-DaytabaseTests-frameworks.sh\"\n";
			showEnvVarsInLog = 0;
		};
		B3C926B1259D4957D9A44D57 /* [CP] Check Pods Manifest.lock */ = {
			isa = PBXShellScriptBuildPhase;
			buildActionMask = 2147483647;
			files = (
			);
			inputPaths = (
			);
			name = "[CP] Check Pods Manifest.lock";
			outputPaths = (
			);
			runOnlyForDeploymentPostprocessing = 0;
			shellPath = /bin/sh;
			shellScript = "diff \"${PODS_ROOT}/../Podfile.lock\" \"${PODS_ROOT}/Manifest.lock\" > /dev/null\nif [ $? != 0 ] ; then\n    # print error to STDERR\n    echo \"error: The sandbox is not in sync with the Podfile.lock. Run 'pod install' or update your CocoaPods installation.\" >&2\n    exit 1\nfi\n";
			showEnvVarsInLog = 0;
		};
/* End PBXShellScriptBuildPhase section */

/* Begin PBXSourcesBuildPhase section */
		7206F78D1E6694E100131CB0 /* Sources */ = {
			isa = PBXSourcesBuildPhase;
			buildActionMask = 2147483647;
			files = (
				727099561E698A8800BE40E3 /* Daytabase.swift in Sources */,
				727099521E684E3500BE40E3 /* Cache.swift in Sources */,
				7206F7B91E66989600131CB0 /* Database.swift in Sources */,
				7270994E1E68406400BE40E3 /* Utility.swift in Sources */,
				7206F7C61E669CDD00131CB0 /* Connection.swift in Sources */,
				727099661E6AA43300BE40E3 /* ConnectionDefaults.swift in Sources */,
				727099581E69977300BE40E3 /* SQL.swift in Sources */,
				7270995A1E699A9400BE40E3 /* Constant.swift in Sources */,
				727099451E68392E00BE40E3 /* CollectionKey.swift in Sources */,
				727099601E69B04700BE40E3 /* ConnectionState.swift in Sources */,
				727099411E66F90D00BE40E3 /* Transaction.swift in Sources */,
			);
			runOnlyForDeploymentPostprocessing = 0;
		};
		7206F7971E6694E100131CB0 /* Sources */ = {
			isa = PBXSourcesBuildPhase;
			buildActionMask = 2147483647;
			files = (
				7206F7B71E66988B00131CB0 /* DaytabaseTests.swift in Sources */,
			);
			runOnlyForDeploymentPostprocessing = 0;
		};
		727099281E66EFBC00BE40E3 /* Sources */ = {
			isa = PBXSourcesBuildPhase;
			buildActionMask = 2147483647;
			files = (
				7270993A1E66EFD000BE40E3 /* ViewController.swift in Sources */,
				7270992F1E66EFBC00BE40E3 /* AppDelegate.swift in Sources */,
			);
			runOnlyForDeploymentPostprocessing = 0;
		};
/* End PBXSourcesBuildPhase section */

/* Begin PBXTargetDependency section */
		7206F79E1E6694E100131CB0 /* PBXTargetDependency */ = {
			isa = PBXTargetDependency;
			target = 7206F7911E6694E100131CB0 /* Daytabase */;
			targetProxy = 7206F79D1E6694E100131CB0 /* PBXContainerItemProxy */;
		};
		7270993E1E66F03B00BE40E3 /* PBXTargetDependency */ = {
			isa = PBXTargetDependency;
			target = 7206F7911E6694E100131CB0 /* Daytabase */;
			targetProxy = 7270993D1E66F03B00BE40E3 /* PBXContainerItemProxy */;
		};
/* End PBXTargetDependency section */

/* Begin PBXVariantGroup section */
		727099321E66EFBC00BE40E3 /* LaunchScreen.storyboard */ = {
			isa = PBXVariantGroup;
			children = (
				727099331E66EFBC00BE40E3 /* Base */,
			);
			name = LaunchScreen.storyboard;
			sourceTree = "<group>";
		};
/* End PBXVariantGroup section */

/* Begin XCBuildConfiguration section */
		7206F7A41E6694E100131CB0 /* Debug */ = {
			isa = XCBuildConfiguration;
			buildSettings = {
				ALWAYS_SEARCH_USER_PATHS = NO;
				CLANG_ANALYZER_NONNULL = YES;
				CLANG_CXX_LANGUAGE_STANDARD = "gnu++0x";
				CLANG_CXX_LIBRARY = "libc++";
				CLANG_ENABLE_MODULES = YES;
				CLANG_ENABLE_OBJC_ARC = YES;
				CLANG_WARN_BOOL_CONVERSION = YES;
				CLANG_WARN_CONSTANT_CONVERSION = YES;
				CLANG_WARN_DIRECT_OBJC_ISA_USAGE = YES_ERROR;
				CLANG_WARN_DOCUMENTATION_COMMENTS = YES;
				CLANG_WARN_EMPTY_BODY = YES;
				CLANG_WARN_ENUM_CONVERSION = YES;
				CLANG_WARN_INFINITE_RECURSION = YES;
				CLANG_WARN_INT_CONVERSION = YES;
				CLANG_WARN_OBJC_ROOT_CLASS = YES_ERROR;
				CLANG_WARN_SUSPICIOUS_MOVE = YES;
				CLANG_WARN_UNREACHABLE_CODE = YES;
				CLANG_WARN__DUPLICATE_METHOD_MATCH = YES;
				"CODE_SIGN_IDENTITY[sdk=iphoneos*]" = "iPhone Developer";
				COPY_PHASE_STRIP = NO;
				CURRENT_PROJECT_VERSION = 1;
				DEBUG_INFORMATION_FORMAT = dwarf;
				ENABLE_STRICT_OBJC_MSGSEND = YES;
				ENABLE_TESTABILITY = YES;
				GCC_C_LANGUAGE_STANDARD = gnu99;
				GCC_DYNAMIC_NO_PIC = NO;
				GCC_NO_COMMON_BLOCKS = YES;
				GCC_OPTIMIZATION_LEVEL = 0;
				GCC_PREPROCESSOR_DEFINITIONS = (
					"DEBUG=1",
					"$(inherited)",
				);
				GCC_WARN_64_TO_32_BIT_CONVERSION = YES;
				GCC_WARN_ABOUT_RETURN_TYPE = YES_ERROR;
				GCC_WARN_UNDECLARED_SELECTOR = YES;
				GCC_WARN_UNINITIALIZED_AUTOS = YES_AGGRESSIVE;
				GCC_WARN_UNUSED_FUNCTION = YES;
				GCC_WARN_UNUSED_VARIABLE = YES;
				IPHONEOS_DEPLOYMENT_TARGET = 10.2;
				MTL_ENABLE_DEBUG_INFO = YES;
				ONLY_ACTIVE_ARCH = YES;
				SDKROOT = iphoneos;
				SWIFT_ACTIVE_COMPILATION_CONDITIONS = DEBUG;
				SWIFT_OPTIMIZATION_LEVEL = "-Onone";
				TARGETED_DEVICE_FAMILY = "1,2";
				VERSIONING_SYSTEM = "apple-generic";
				VERSION_INFO_PREFIX = "";
			};
			name = Debug;
		};
		7206F7A51E6694E100131CB0 /* Release */ = {
			isa = XCBuildConfiguration;
			buildSettings = {
				ALWAYS_SEARCH_USER_PATHS = NO;
				CLANG_ANALYZER_NONNULL = YES;
				CLANG_CXX_LANGUAGE_STANDARD = "gnu++0x";
				CLANG_CXX_LIBRARY = "libc++";
				CLANG_ENABLE_MODULES = YES;
				CLANG_ENABLE_OBJC_ARC = YES;
				CLANG_WARN_BOOL_CONVERSION = YES;
				CLANG_WARN_CONSTANT_CONVERSION = YES;
				CLANG_WARN_DIRECT_OBJC_ISA_USAGE = YES_ERROR;
				CLANG_WARN_DOCUMENTATION_COMMENTS = YES;
				CLANG_WARN_EMPTY_BODY = YES;
				CLANG_WARN_ENUM_CONVERSION = YES;
				CLANG_WARN_INFINITE_RECURSION = YES;
				CLANG_WARN_INT_CONVERSION = YES;
				CLANG_WARN_OBJC_ROOT_CLASS = YES_ERROR;
				CLANG_WARN_SUSPICIOUS_MOVE = YES;
				CLANG_WARN_UNREACHABLE_CODE = YES;
				CLANG_WARN__DUPLICATE_METHOD_MATCH = YES;
				"CODE_SIGN_IDENTITY[sdk=iphoneos*]" = "iPhone Developer";
				COPY_PHASE_STRIP = NO;
				CURRENT_PROJECT_VERSION = 1;
				DEBUG_INFORMATION_FORMAT = "dwarf-with-dsym";
				ENABLE_NS_ASSERTIONS = NO;
				ENABLE_STRICT_OBJC_MSGSEND = YES;
				GCC_C_LANGUAGE_STANDARD = gnu99;
				GCC_NO_COMMON_BLOCKS = YES;
				GCC_WARN_64_TO_32_BIT_CONVERSION = YES;
				GCC_WARN_ABOUT_RETURN_TYPE = YES_ERROR;
				GCC_WARN_UNDECLARED_SELECTOR = YES;
				GCC_WARN_UNINITIALIZED_AUTOS = YES_AGGRESSIVE;
				GCC_WARN_UNUSED_FUNCTION = YES;
				GCC_WARN_UNUSED_VARIABLE = YES;
				IPHONEOS_DEPLOYMENT_TARGET = 10.2;
				MTL_ENABLE_DEBUG_INFO = NO;
				SDKROOT = iphoneos;
				SWIFT_OPTIMIZATION_LEVEL = "-Owholemodule";
				TARGETED_DEVICE_FAMILY = "1,2";
				VALIDATE_PRODUCT = YES;
				VERSIONING_SYSTEM = "apple-generic";
				VERSION_INFO_PREFIX = "";
			};
			name = Release;
		};
		7206F7A71E6694E100131CB0 /* Debug */ = {
			isa = XCBuildConfiguration;
			baseConfigurationReference = 397C6AA6F806205CD703E15A /* Pods-Daytabase.debug.xcconfig */;
			buildSettings = {
				CLANG_ENABLE_MODULES = YES;
				CODE_SIGN_IDENTITY = "";
				DEFINES_MODULE = YES;
				DYLIB_COMPATIBILITY_VERSION = 1;
				DYLIB_CURRENT_VERSION = 1;
				DYLIB_INSTALL_NAME_BASE = "@rpath";
				INFOPLIST_FILE = Daytabase/Info.plist;
				INSTALL_PATH = "$(LOCAL_LIBRARY_DIR)/Frameworks";
				LD_RUNPATH_SEARCH_PATHS = "$(inherited) @executable_path/Frameworks @loader_path/Frameworks";
				PRODUCT_BUNDLE_IDENTIFIER = org.draveness.Daytabase;
				PRODUCT_NAME = "$(TARGET_NAME)";
				SKIP_INSTALL = YES;
				"SWIFT_INCLUDE_PATHS[sdk=iphoneos*]" = "$(SRCROOT)/Modules/iphoneos";
				"SWIFT_INCLUDE_PATHS[sdk=iphonesimulator*]" = "$(SRCROOT)/Modules/iphonesimulator";
				SWIFT_OPTIMIZATION_LEVEL = "-Onone";
				SWIFT_VERSION = 3.0;
			};
			name = Debug;
		};
		7206F7A81E6694E100131CB0 /* Release */ = {
			isa = XCBuildConfiguration;
			baseConfigurationReference = 608DC9AB248247EB9833C6B6 /* Pods-Daytabase.release.xcconfig */;
			buildSettings = {
				CLANG_ENABLE_MODULES = YES;
				CODE_SIGN_IDENTITY = "";
				DEFINES_MODULE = YES;
				DYLIB_COMPATIBILITY_VERSION = 1;
				DYLIB_CURRENT_VERSION = 1;
				DYLIB_INSTALL_NAME_BASE = "@rpath";
				INFOPLIST_FILE = Daytabase/Info.plist;
				INSTALL_PATH = "$(LOCAL_LIBRARY_DIR)/Frameworks";
				LD_RUNPATH_SEARCH_PATHS = "$(inherited) @executable_path/Frameworks @loader_path/Frameworks";
				PRODUCT_BUNDLE_IDENTIFIER = org.draveness.Daytabase;
				PRODUCT_NAME = "$(TARGET_NAME)";
				SKIP_INSTALL = YES;
				SWIFT_VERSION = 3.0;
			};
			name = Release;
		};
		7206F7AA1E6694E100131CB0 /* Debug */ = {
			isa = XCBuildConfiguration;
			baseConfigurationReference = 38B676DCFDFB298FC55892B0 /* Pods-DaytabaseTests.debug.xcconfig */;
			buildSettings = {
				ALWAYS_EMBED_SWIFT_STANDARD_LIBRARIES = YES;
				INFOPLIST_FILE = DaytabaseTests/Info.plist;
				LD_RUNPATH_SEARCH_PATHS = "$(inherited) @executable_path/Frameworks @loader_path/Frameworks";
				PRODUCT_BUNDLE_IDENTIFIER = org.draveness.DaytabaseTests;
				PRODUCT_NAME = "$(TARGET_NAME)";
				SWIFT_VERSION = 3.0;
			};
			name = Debug;
		};
		7206F7AB1E6694E100131CB0 /* Release */ = {
			isa = XCBuildConfiguration;
			baseConfigurationReference = 280883DE8F83C4CF0B55B9EE /* Pods-DaytabaseTests.release.xcconfig */;
			buildSettings = {
				ALWAYS_EMBED_SWIFT_STANDARD_LIBRARIES = YES;
				INFOPLIST_FILE = DaytabaseTests/Info.plist;
				LD_RUNPATH_SEARCH_PATHS = "$(inherited) @executable_path/Frameworks @loader_path/Frameworks";
				PRODUCT_BUNDLE_IDENTIFIER = org.draveness.DaytabaseTests;
				PRODUCT_NAME = "$(TARGET_NAME)";
				SWIFT_VERSION = 3.0;
			};
			name = Release;
		};
		727099361E66EFBC00BE40E3 /* Debug */ = {
			isa = XCBuildConfiguration;
			baseConfigurationReference = 689B084FCEE788755D665ACE /* Pods-Daytabase-iOS.debug.xcconfig */;
			buildSettings = {
				ALWAYS_EMBED_SWIFT_STANDARD_LIBRARIES = YES;
				ASSETCATALOG_COMPILER_APPICON_NAME = AppIcon;
				INFOPLIST_FILE = "Daytabase-iOS/Info.plist";
				LD_RUNPATH_SEARCH_PATHS = "$(inherited) @executable_path/Frameworks";
				PRODUCT_BUNDLE_IDENTIFIER = "com.draveness.Daytabase-iOS";
				PRODUCT_NAME = "$(TARGET_NAME)";
				SWIFT_VERSION = 3.0;
			};
			name = Debug;
		};
		727099371E66EFBC00BE40E3 /* Release */ = {
			isa = XCBuildConfiguration;
			baseConfigurationReference = 897A8E9F07EA15BE817F81BB /* Pods-Daytabase-iOS.release.xcconfig */;
			buildSettings = {
				ALWAYS_EMBED_SWIFT_STANDARD_LIBRARIES = YES;
				ASSETCATALOG_COMPILER_APPICON_NAME = AppIcon;
				INFOPLIST_FILE = "Daytabase-iOS/Info.plist";
				LD_RUNPATH_SEARCH_PATHS = "$(inherited) @executable_path/Frameworks";
				PRODUCT_BUNDLE_IDENTIFIER = "com.draveness.Daytabase-iOS";
				PRODUCT_NAME = "$(TARGET_NAME)";
				SWIFT_VERSION = 3.0;
			};
			name = Release;
		};
/* End XCBuildConfiguration section */

/* Begin XCConfigurationList section */
		7206F78C1E6694E100131CB0 /* Build configuration list for PBXProject "Daytabase" */ = {
			isa = XCConfigurationList;
			buildConfigurations = (
				7206F7A41E6694E100131CB0 /* Debug */,
				7206F7A51E6694E100131CB0 /* Release */,
			);
			defaultConfigurationIsVisible = 0;
			defaultConfigurationName = Release;
		};
		7206F7A61E6694E100131CB0 /* Build configuration list for PBXNativeTarget "Daytabase" */ = {
			isa = XCConfigurationList;
			buildConfigurations = (
				7206F7A71E6694E100131CB0 /* Debug */,
				7206F7A81E6694E100131CB0 /* Release */,
			);
			defaultConfigurationIsVisible = 0;
			defaultConfigurationName = Release;
		};
		7206F7A91E6694E100131CB0 /* Build configuration list for PBXNativeTarget "DaytabaseTests" */ = {
			isa = XCConfigurationList;
			buildConfigurations = (
				7206F7AA1E6694E100131CB0 /* Debug */,
				7206F7AB1E6694E100131CB0 /* Release */,
			);
			defaultConfigurationIsVisible = 0;
			defaultConfigurationName = Release;
		};
		727099381E66EFBC00BE40E3 /* Build configuration list for PBXNativeTarget "Daytabase-iOS" */ = {
			isa = XCConfigurationList;
			buildConfigurations = (
				727099361E66EFBC00BE40E3 /* Debug */,
				727099371E66EFBC00BE40E3 /* Release */,
			);
			defaultConfigurationIsVisible = 0;
			defaultConfigurationName = Release;
		};
/* End XCConfigurationList section */
	};
	rootObject = 7206F7891E6694E100131CB0 /* Project object */;
}
